// !$*UTF8*$!
{
	archiveVersion = 1;
	classes = {
	};
	objectVersion = 56;
	objects = {

/* Begin PBXBuildFile section */
		3D66FC0E2BF9864B00A705A0 /* desertcity.usdz in Resources */ = {isa = PBXBuildFile; fileRef = 3D66FC0D2BF9864B00A705A0 /* desertcity.usdz */; };
		3D66FC162BF98BCC00A705A0 /* map.usdz in Resources */ = {isa = PBXBuildFile; fileRef = 3D66FC152BF98BCC00A705A0 /* map.usdz */; };
		3D66FC1A2BF9991100A705A0 /* room.usdz in Resources */ = {isa = PBXBuildFile; fileRef = 3D66FC192BF9991100A705A0 /* room.usdz */; };
		3D8A0F042BF9688300BDF5A6 /* amongusView.swift in Sources */ = {isa = PBXBuildFile; fileRef = 3D8A0F032BF9688300BDF5A6 /* amongusView.swift */; };
		3D8A0F062BF97F9500BDF5A6 /* tea.usdz in Resources */ = {isa = PBXBuildFile; fileRef = 3D8A0F052BF97F9500BDF5A6 /* tea.usdz */; };
		3DCF449E2BE9C21A0056065B /* RealityKitContent in Frameworks */ = {isa = PBXBuildFile; productRef = 3DCF449D2BE9C21A0056065B /* RealityKitContent */; };
		3DCF44A02BE9C21A0056065B /* LociApp.swift in Sources */ = {isa = PBXBuildFile; fileRef = 3DCF449F2BE9C21A0056065B /* LociApp.swift */; };
		3DCF44A22BE9C21A0056065B /* ContentView.swift in Sources */ = {isa = PBXBuildFile; fileRef = 3DCF44A12BE9C21A0056065B /* ContentView.swift */; };
		3DCF44A42BE9C21A0056065B /* ImmersiveView.swift in Sources */ = {isa = PBXBuildFile; fileRef = 3DCF44A32BE9C21A0056065B /* ImmersiveView.swift */; };
		3DCF44A62BE9C21A0056065B /* ImageBasedLighting.skybox in Resources */ = {isa = PBXBuildFile; fileRef = 3DCF44A52BE9C21A0056065B /* ImageBasedLighting.skybox */; };
		3DCF44A82BE9C21C0056065B /* Assets.xcassets in Resources */ = {isa = PBXBuildFile; fileRef = 3DCF44A72BE9C21C0056065B /* Assets.xcassets */; };
		3DCF44AB2BE9C21C0056065B /* Preview Assets.xcassets in Resources */ = {isa = PBXBuildFile; fileRef = 3DCF44AA2BE9C21C0056065B /* Preview Assets.xcassets */; };
		3DCF44B62BE9C21C0056065B /* LociTests.swift in Sources */ = {isa = PBXBuildFile; fileRef = 3DCF44B52BE9C21C0056065B /* LociTests.swift */; };
/* End PBXBuildFile section */

/* Begin PBXContainerItemProxy section */
		3DCF44B22BE9C21C0056065B /* PBXContainerItemProxy */ = {
			isa = PBXContainerItemProxy;
			containerPortal = 3DCF44902BE9C21A0056065B /* Project object */;
			proxyType = 1;
			remoteGlobalIDString = 3DCF44972BE9C21A0056065B;
			remoteInfo = Loci;
		};
/* End PBXContainerItemProxy section */

/* Begin PBXFileReference section */
		3D66FC0D2BF9864B00A705A0 /* desertcity.usdz */ = {isa = PBXFileReference; lastKnownFileType = file.usdz; path = desertcity.usdz; sourceTree = "<group>"; };
		3D66FC152BF98BCC00A705A0 /* map.usdz */ = {isa = PBXFileReference; lastKnownFileType = file.usdz; path = map.usdz; sourceTree = "<group>"; };
		3D66FC192BF9991100A705A0 /* room.usdz */ = {isa = PBXFileReference; lastKnownFileType = file.usdz; path = room.usdz; sourceTree = "<group>"; };
		3D8A0F032BF9688300BDF5A6 /* amongusView.swift */ = {isa = PBXFileReference; lastKnownFileType = sourcecode.swift; path = amongusView.swift; sourceTree = "<group>"; };
		3D8A0F052BF97F9500BDF5A6 /* tea.usdz */ = {isa = PBXFileReference; lastKnownFileType = file.usdz; path = tea.usdz; sourceTree = "<group>"; };
		3DCF44982BE9C21A0056065B /* Loci.app */ = {isa = PBXFileReference; explicitFileType = wrapper.application; includeInIndex = 0; path = Loci.app; sourceTree = BUILT_PRODUCTS_DIR; };
		3DCF449C2BE9C21A0056065B /* RealityKitContent */ = {isa = PBXFileReference; lastKnownFileType = wrapper; path = RealityKitContent; sourceTree = "<group>"; };
		3DCF449F2BE9C21A0056065B /* LociApp.swift */ = {isa = PBXFileReference; lastKnownFileType = sourcecode.swift; path = LociApp.swift; sourceTree = "<group>"; };
		3DCF44A12BE9C21A0056065B /* ContentView.swift */ = {isa = PBXFileReference; lastKnownFileType = sourcecode.swift; path = ContentView.swift; sourceTree = "<group>"; };
		3DCF44A32BE9C21A0056065B /* ImmersiveView.swift */ = {isa = PBXFileReference; lastKnownFileType = sourcecode.swift; path = ImmersiveView.swift; sourceTree = "<group>"; };
		3DCF44A52BE9C21A0056065B /* ImageBasedLighting.skybox */ = {isa = PBXFileReference; lastKnownFileType = file.skybox; path = ImageBasedLighting.skybox; sourceTree = "<group>"; };
		3DCF44A72BE9C21C0056065B /* Assets.xcassets */ = {isa = PBXFileReference; lastKnownFileType = folder.assetcatalog; path = Assets.xcassets; sourceTree = "<group>"; };
		3DCF44AA2BE9C21C0056065B /* Preview Assets.xcassets */ = {isa = PBXFileReference; lastKnownFileType = folder.assetcatalog; path = "Preview Assets.xcassets"; sourceTree = "<group>"; };
		3DCF44AC2BE9C21C0056065B /* Info.plist */ = {isa = PBXFileReference; lastKnownFileType = text.plist.xml; path = Info.plist; sourceTree = "<group>"; };
		3DCF44B12BE9C21C0056065B /* LociTests.xctest */ = {isa = PBXFileReference; explicitFileType = wrapper.cfbundle; includeInIndex = 0; path = LociTests.xctest; sourceTree = BUILT_PRODUCTS_DIR; };
		3DCF44B52BE9C21C0056065B /* LociTests.swift */ = {isa = PBXFileReference; lastKnownFileType = sourcecode.swift; path = LociTests.swift; sourceTree = "<group>"; };
/* End PBXFileReference section */

/* Begin PBXFrameworksBuildPhase section */
		3DCF44952BE9C21A0056065B /* Frameworks */ = {
			isa = PBXFrameworksBuildPhase;
			buildActionMask = 2147483647;
			files = (
				3DCF449E2BE9C21A0056065B /* RealityKitContent in Frameworks */,
			);
			runOnlyForDeploymentPostprocessing = 0;
		};
		3DCF44AE2BE9C21C0056065B /* Frameworks */ = {
			isa = PBXFrameworksBuildPhase;
			buildActionMask = 2147483647;
			files = (
			);
			runOnlyForDeploymentPostprocessing = 0;
		};
/* End PBXFrameworksBuildPhase section */

/* Begin PBXGroup section */
		3D66FC0C2BF985DA00A705A0 /* resources */ = {
			isa = PBXGroup;
			children = (
				3D66FC192BF9991100A705A0 /* room.usdz */,
				3D66FC0D2BF9864B00A705A0 /* desertcity.usdz */,
				3D66FC152BF98BCC00A705A0 /* map.usdz */,
				3D8A0F052BF97F9500BDF5A6 /* tea.usdz */,
			);
			path = resources;
			sourceTree = "<group>";
		};
		3DCF448F2BE9C21A0056065B = {
			isa = PBXGroup;
			children = (
				3DCF449A2BE9C21A0056065B /* Loci */,
				3DCF449B2BE9C21A0056065B /* Packages */,
				3DCF44B42BE9C21C0056065B /* LociTests */,
				3DCF44992BE9C21A0056065B /* Products */,
			);
			sourceTree = "<group>";
		};
		3DCF44992BE9C21A0056065B /* Products */ = {
			isa = PBXGroup;
			children = (
				3DCF44982BE9C21A0056065B /* Loci.app */,
				3DCF44B12BE9C21C0056065B /* LociTests.xctest */,
			);
			name = Products;
			sourceTree = "<group>";
		};
		3DCF449A2BE9C21A0056065B /* Loci */ = {
			isa = PBXGroup;
			children = (
				3D66FC0C2BF985DA00A705A0 /* resources */,
				3DCF449F2BE9C21A0056065B /* LociApp.swift */,
				3DCF44A12BE9C21A0056065B /* ContentView.swift */,
				3DCF44A32BE9C21A0056065B /* ImmersiveView.swift */,
				3D8A0F032BF9688300BDF5A6 /* amongusView.swift */,
				3DCF44A52BE9C21A0056065B /* ImageBasedLighting.skybox */,
				3DCF44A72BE9C21C0056065B /* Assets.xcassets */,
				3DCF44AC2BE9C21C0056065B /* Info.plist */,
				3DCF44A92BE9C21C0056065B /* Preview Content */,
			);
			path = Loci;
			sourceTree = "<group>";
		};
		3DCF449B2BE9C21A0056065B /* Packages */ = {
			isa = PBXGroup;
			children = (
				3DCF449C2BE9C21A0056065B /* RealityKitContent */,
			);
			path = Packages;
			sourceTree = "<group>";
		};
		3DCF44A92BE9C21C0056065B /* Preview Content */ = {
			isa = PBXGroup;
			children = (
				3DCF44AA2BE9C21C0056065B /* Preview Assets.xcassets */,
			);
			path = "Preview Content";
			sourceTree = "<group>";
		};
		3DCF44B42BE9C21C0056065B /* LociTests */ = {
			isa = PBXGroup;
			children = (
				3DCF44B52BE9C21C0056065B /* LociTests.swift */,
			);
			path = LociTests;
			sourceTree = "<group>";
		};
/* End PBXGroup section */

/* Begin PBXNativeTarget section */
		3DCF44972BE9C21A0056065B /* Loci */ = {
			isa = PBXNativeTarget;
			buildConfigurationList = 3DCF44B92BE9C21C0056065B /* Build configuration list for PBXNativeTarget "Loci" */;
			buildPhases = (
				3DCF44942BE9C21A0056065B /* Sources */,
				3DCF44952BE9C21A0056065B /* Frameworks */,
				3DCF44962BE9C21A0056065B /* Resources */,
			);
			buildRules = (
			);
			dependencies = (
			);
			name = Loci;
			packageProductDependencies = (
				3DCF449D2BE9C21A0056065B /* RealityKitContent */,
			);
			productName = Loci;
			productReference = 3DCF44982BE9C21A0056065B /* Loci.app */;
			productType = "com.apple.product-type.application";
		};
		3DCF44B02BE9C21C0056065B /* LociTests */ = {
			isa = PBXNativeTarget;
			buildConfigurationList = 3DCF44BC2BE9C21C0056065B /* Build configuration list for PBXNativeTarget "LociTests" */;
			buildPhases = (
				3DCF44AD2BE9C21C0056065B /* Sources */,
				3DCF44AE2BE9C21C0056065B /* Frameworks */,
				3DCF44AF2BE9C21C0056065B /* Resources */,
			);
			buildRules = (
			);
			dependencies = (
				3DCF44B32BE9C21C0056065B /* PBXTargetDependency */,
			);
			name = LociTests;
			productName = LociTests;
			productReference = 3DCF44B12BE9C21C0056065B /* LociTests.xctest */;
			productType = "com.apple.product-type.bundle.unit-test";
		};
/* End PBXNativeTarget section */

/* Begin PBXProject section */
		3DCF44902BE9C21A0056065B /* Project object */ = {
			isa = PBXProject;
			attributes = {
				BuildIndependentTargetsInParallel = 1;
				LastSwiftUpdateCheck = 1520;
				LastUpgradeCheck = 1520;
				TargetAttributes = {
					3DCF44972BE9C21A0056065B = {
						CreatedOnToolsVersion = 15.2;
					};
					3DCF44B02BE9C21C0056065B = {
						CreatedOnToolsVersion = 15.2;
						TestTargetID = 3DCF44972BE9C21A0056065B;
					};
				};
			};
			buildConfigurationList = 3DCF44932BE9C21A0056065B /* Build configuration list for PBXProject "Loci" */;
			compatibilityVersion = "Xcode 14.0";
			developmentRegion = en;
			hasScannedForEncodings = 0;
			knownRegions = (
				en,
				Base,
			);
			mainGroup = 3DCF448F2BE9C21A0056065B;
			productRefGroup = 3DCF44992BE9C21A0056065B /* Products */;
			projectDirPath = "";
			projectRoot = "";
			targets = (
				3DCF44972BE9C21A0056065B /* Loci */,
				3DCF44B02BE9C21C0056065B /* LociTests */,
			);
		};
/* End PBXProject section */

/* Begin PBXResourcesBuildPhase section */
		3DCF44962BE9C21A0056065B /* Resources */ = {
			isa = PBXResourcesBuildPhase;
			buildActionMask = 2147483647;
			files = (
				3DCF44A82BE9C21C0056065B /* Assets.xcassets in Resources */,
				3DCF44AB2BE9C21C0056065B /* Preview Assets.xcassets in Resources */,
				3D66FC0E2BF9864B00A705A0 /* desertcity.usdz in Resources */,
				3D66FC1A2BF9991100A705A0 /* room.usdz in Resources */,
				3DCF44A62BE9C21A0056065B /* ImageBasedLighting.skybox in Resources */,
				3D66FC162BF98BCC00A705A0 /* map.usdz in Resources */,
				3D8A0F062BF97F9500BDF5A6 /* tea.usdz in Resources */,
			);
			runOnlyForDeploymentPostprocessing = 0;
		};
		3DCF44AF2BE9C21C0056065B /* Resources */ = {
			isa = PBXResourcesBuildPhase;
			buildActionMask = 2147483647;
			files = (
			);
			runOnlyForDeploymentPostprocessing = 0;
		};
/* End PBXResourcesBuildPhase section */

/* Begin PBXSourcesBuildPhase section */
		3DCF44942BE9C21A0056065B /* Sources */ = {
			isa = PBXSourcesBuildPhase;
			buildActionMask = 2147483647;
			files = (
				3DCF44A22BE9C21A0056065B /* ContentView.swift in Sources */,
				3DCF44A02BE9C21A0056065B /* LociApp.swift in Sources */,
				3D8A0F042BF9688300BDF5A6 /* amongusView.swift in Sources */,
				3DCF44A42BE9C21A0056065B /* ImmersiveView.swift in Sources */,
			);
			runOnlyForDeploymentPostprocessing = 0;
		};
		3DCF44AD2BE9C21C0056065B /* Sources */ = {
			isa = PBXSourcesBuildPhase;
			buildActionMask = 2147483647;
			files = (
				3DCF44B62BE9C21C0056065B /* LociTests.swift in Sources */,
			);
			runOnlyForDeploymentPostprocessing = 0;
		};
/* End PBXSourcesBuildPhase section */

/* Begin PBXTargetDependency section */
		3DCF44B32BE9C21C0056065B /* PBXTargetDependency */ = {
			isa = PBXTargetDependency;
			target = 3DCF44972BE9C21A0056065B /* Loci */;
			targetProxy = 3DCF44B22BE9C21C0056065B /* PBXContainerItemProxy */;
		};
/* End PBXTargetDependency section */

/* Begin XCBuildConfiguration section */
		3DCF44B72BE9C21C0056065B /* Debug */ = {
			isa = XCBuildConfiguration;
			buildSettings = {
				ALWAYS_SEARCH_USER_PATHS = NO;
				ASSETCATALOG_COMPILER_GENERATE_SWIFT_ASSET_SYMBOL_EXTENSIONS = YES;
				CLANG_ANALYZER_NONNULL = YES;
				CLANG_ANALYZER_NUMBER_OBJECT_CONVERSION = YES_AGGRESSIVE;
				CLANG_CXX_LANGUAGE_STANDARD = "gnu++20";
				CLANG_ENABLE_MODULES = YES;
				CLANG_ENABLE_OBJC_ARC = YES;
				CLANG_ENABLE_OBJC_WEAK = YES;
				CLANG_WARN_BLOCK_CAPTURE_AUTORELEASING = YES;
				CLANG_WARN_BOOL_CONVERSION = YES;
				CLANG_WARN_COMMA = YES;
				CLANG_WARN_CONSTANT_CONVERSION = YES;
				CLANG_WARN_DEPRECATED_OBJC_IMPLEMENTATIONS = YES;
				CLANG_WARN_DIRECT_OBJC_ISA_USAGE = YES_ERROR;
				CLANG_WARN_DOCUMENTATION_COMMENTS = YES;
				CLANG_WARN_EMPTY_BODY = YES;
				CLANG_WARN_ENUM_CONVERSION = YES;
				CLANG_WARN_INFINITE_RECURSION = YES;
				CLANG_WARN_INT_CONVERSION = YES;
				CLANG_WARN_NON_LITERAL_NULL_CONVERSION = YES;
				CLANG_WARN_OBJC_IMPLICIT_RETAIN_SELF = YES;
				CLANG_WARN_OBJC_LITERAL_CONVERSION = YES;
				CLANG_WARN_OBJC_ROOT_CLASS = YES_ERROR;
				CLANG_WARN_QUOTED_INCLUDE_IN_FRAMEWORK_HEADER = YES;
				CLANG_WARN_RANGE_LOOP_ANALYSIS = YES;
				CLANG_WARN_STRICT_PROTOTYPES = YES;
				CLANG_WARN_SUSPICIOUS_MOVE = YES;
				CLANG_WARN_UNGUARDED_AVAILABILITY = YES_AGGRESSIVE;
				CLANG_WARN_UNREACHABLE_CODE = YES;
				CLANG_WARN__DUPLICATE_METHOD_MATCH = YES;
				COPY_PHASE_STRIP = NO;
				DEBUG_INFORMATION_FORMAT = dwarf;
				ENABLE_STRICT_OBJC_MSGSEND = YES;
				ENABLE_TESTABILITY = YES;
				ENABLE_USER_SCRIPT_SANDBOXING = YES;
				GCC_C_LANGUAGE_STANDARD = gnu17;
				GCC_DYNAMIC_NO_PIC = NO;
				GCC_NO_COMMON_BLOCKS = YES;
				GCC_OPTIMIZATION_LEVEL = 0;
				GCC_PREPROCESSOR_DEFINITIONS = (
					"DEBUG=1",
					"$(inherited)",
				);
				GCC_WARN_64_TO_32_BIT_CONVERSION = YES;
				GCC_WARN_ABOUT_RETURN_TYPE = YES_ERROR;
				GCC_WARN_UNDECLARED_SELECTOR = YES;
				GCC_WARN_UNINITIALIZED_AUTOS = YES_AGGRESSIVE;
				GCC_WARN_UNUSED_FUNCTION = YES;
				GCC_WARN_UNUSED_VARIABLE = YES;
				LOCALIZATION_PREFERS_STRING_CATALOGS = YES;
				MTL_ENABLE_DEBUG_INFO = INCLUDE_SOURCE;
				MTL_FAST_MATH = YES;
				ONLY_ACTIVE_ARCH = YES;
				SDKROOT = xros;
				SWIFT_ACTIVE_COMPILATION_CONDITIONS = "DEBUG $(inherited)";
				SWIFT_OPTIMIZATION_LEVEL = "-Onone";
				XROS_DEPLOYMENT_TARGET = 1.0;
			};
			name = Debug;
		};
		3DCF44B82BE9C21C0056065B /* Release */ = {
			isa = XCBuildConfiguration;
			buildSettings = {
				ALWAYS_SEARCH_USER_PATHS = NO;
				ASSETCATALOG_COMPILER_GENERATE_SWIFT_ASSET_SYMBOL_EXTENSIONS = YES;
				CLANG_ANALYZER_NONNULL = YES;
				CLANG_ANALYZER_NUMBER_OBJECT_CONVERSION = YES_AGGRESSIVE;
				CLANG_CXX_LANGUAGE_STANDARD = "gnu++20";
				CLANG_ENABLE_MODULES = YES;
				CLANG_ENABLE_OBJC_ARC = YES;
				CLANG_ENABLE_OBJC_WEAK = YES;
				CLANG_WARN_BLOCK_CAPTURE_AUTORELEASING = YES;
				CLANG_WARN_BOOL_CONVERSION = YES;
				CLANG_WARN_COMMA = YES;
				CLANG_WARN_CONSTANT_CONVERSION = YES;
				CLANG_WARN_DEPRECATED_OBJC_IMPLEMENTATIONS = YES;
				CLANG_WARN_DIRECT_OBJC_ISA_USAGE = YES_ERROR;
				CLANG_WARN_DOCUMENTATION_COMMENTS = YES;
				CLANG_WARN_EMPTY_BODY = YES;
				CLANG_WARN_ENUM_CONVERSION = YES;
				CLANG_WARN_INFINITE_RECURSION = YES;
				CLANG_WARN_INT_CONVERSION = YES;
				CLANG_WARN_NON_LITERAL_NULL_CONVERSION = YES;
				CLANG_WARN_OBJC_IMPLICIT_RETAIN_SELF = YES;
				CLANG_WARN_OBJC_LITERAL_CONVERSION = YES;
				CLANG_WARN_OBJC_ROOT_CLASS = YES_ERROR;
				CLANG_WARN_QUOTED_INCLUDE_IN_FRAMEWORK_HEADER = YES;
				CLANG_WARN_RANGE_LOOP_ANALYSIS = YES;
				CLANG_WARN_STRICT_PROTOTYPES = YES;
				CLANG_WARN_SUSPICIOUS_MOVE = YES;
				CLANG_WARN_UNGUARDED_AVAILABILITY = YES_AGGRESSIVE;
				CLANG_WARN_UNREACHABLE_CODE = YES;
				CLANG_WARN__DUPLICATE_METHOD_MATCH = YES;
				COPY_PHASE_STRIP = NO;
				DEBUG_INFORMATION_FORMAT = "dwarf-with-dsym";
				ENABLE_NS_ASSERTIONS = NO;
				ENABLE_STRICT_OBJC_MSGSEND = YES;
				ENABLE_USER_SCRIPT_SANDBOXING = YES;
				GCC_C_LANGUAGE_STANDARD = gnu17;
				GCC_NO_COMMON_BLOCKS = YES;
				GCC_WARN_64_TO_32_BIT_CONVERSION = YES;
				GCC_WARN_ABOUT_RETURN_TYPE = YES_ERROR;
				GCC_WARN_UNDECLARED_SELECTOR = YES;
				GCC_WARN_UNINITIALIZED_AUTOS = YES_AGGRESSIVE;
				GCC_WARN_UNUSED_FUNCTION = YES;
				GCC_WARN_UNUSED_VARIABLE = YES;
				LOCALIZATION_PREFERS_STRING_CATALOGS = YES;
				MTL_ENABLE_DEBUG_INFO = NO;
				MTL_FAST_MATH = YES;
				SDKROOT = xros;
				SWIFT_COMPILATION_MODE = wholemodule;
				VALIDATE_PRODUCT = YES;
				XROS_DEPLOYMENT_TARGET = 1.0;
			};
			name = Release;
		};
		3DCF44BA2BE9C21C0056065B /* Debug */ = {
			isa = XCBuildConfiguration;
			buildSettings = {
				ASSETCATALOG_COMPILER_APPICON_NAME = AppIcon;
				ASSETCATALOG_COMPILER_GLOBAL_ACCENT_COLOR_NAME = AccentColor;
				CODE_SIGN_STYLE = Automatic;
				CURRENT_PROJECT_VERSION = 1;
				DEVELOPMENT_ASSET_PATHS = "\"Loci/Preview Content\"";
				ENABLE_PREVIEWS = YES;
				GENERATE_INFOPLIST_FILE = YES;
				INFOPLIST_FILE = "$(TARGET_NAME)/Info.plist";
				LD_RUNPATH_SEARCH_PATHS = (
					"$(inherited)",
					"@executable_path/Frameworks",
				);
				MARKETING_VERSION = 1.0;
				PRODUCT_BUNDLE_IDENTIFIER = Youn.Loci;
				PRODUCT_NAME = "$(TARGET_NAME)";
				SUPPORTED_PLATFORMS = "xros xrsimulator";
				SWIFT_EMIT_LOC_STRINGS = YES;
				SWIFT_VERSION = 5.0;
				TARGETED_DEVICE_FAMILY = "1,2,7";
			};
			name = Debug;
		};
		3DCF44BB2BE9C21C0056065B /* Release */ = {
			isa = XCBuildConfiguration;
			buildSettings = {
				ASSETCATALOG_COMPILER_APPICON_NAME = AppIcon;
				ASSETCATALOG_COMPILER_GLOBAL_ACCENT_COLOR_NAME = AccentColor;
				CODE_SIGN_STYLE = Automatic;
				CURRENT_PROJECT_VERSION = 1;
				DEVELOPMENT_ASSET_PATHS = "\"Loci/Preview Content\"";
				ENABLE_PREVIEWS = YES;
				GENERATE_INFOPLIST_FILE = YES;
				INFOPLIST_FILE = "$(TARGET_NAME)/Info.plist";
				LD_RUNPATH_SEARCH_PATHS = (
					"$(inherited)",
					"@executable_path/Frameworks",
				);
				MARKETING_VERSION = 1.0;
				PRODUCT_BUNDLE_IDENTIFIER = Youn.Loci;
				PRODUCT_NAME = "$(TARGET_NAME)";
				SUPPORTED_PLATFORMS = "xros xrsimulator";
				SWIFT_EMIT_LOC_STRINGS = YES;
				SWIFT_VERSION = 5.0;
				TARGETED_DEVICE_FAMILY = "1,2,7";
			};
			name = Release;
		};
		3DCF44BD2BE9C21C0056065B /* Debug */ = {
			isa = XCBuildConfiguration;
			buildSettings = {
				ALWAYS_EMBED_SWIFT_STANDARD_LIBRARIES = YES;
				BUNDLE_LOADER = "$(TEST_HOST)";
				CODE_SIGN_STYLE = Automatic;
				CURRENT_PROJECT_VERSION = 1;
				GENERATE_INFOPLIST_FILE = YES;
				MARKETING_VERSION = 1.0;
				PRODUCT_BUNDLE_IDENTIFIER = Youn.LociTests;
				PRODUCT_NAME = "$(TARGET_NAME)";
				SUPPORTED_PLATFORMS = "xros xrsimulator";
				SWIFT_EMIT_LOC_STRINGS = NO;
				SWIFT_VERSION = 5.0;
				TARGETED_DEVICE_FAMILY = "1,2,7";
				TEST_HOST = "$(BUILT_PRODUCTS_DIR)/Loci.app/$(BUNDLE_EXECUTABLE_FOLDER_PATH)/Loci";
				XROS_DEPLOYMENT_TARGET = 1.0;
			};
			name = Debug;
		};
		3DCF44BE2BE9C21C0056065B /* Release */ = {
			isa = XCBuildConfiguration;
			buildSettings = {
				ALWAYS_EMBED_SWIFT_STANDARD_LIBRARIES = YES;
				BUNDLE_LOADER = "$(TEST_HOST)";
				CODE_SIGN_STYLE = Automatic;
				CURRENT_PROJECT_VERSION = 1;
				GENERATE_INFOPLIST_FILE = YES;
				MARKETING_VERSION = 1.0;
				PRODUCT_BUNDLE_IDENTIFIER = Youn.LociTests;
				PRODUCT_NAME = "$(TARGET_NAME)";
				SUPPORTED_PLATFORMS = "xros xrsimulator";
				SWIFT_EMIT_LOC_STRINGS = NO;
				SWIFT_VERSION = 5.0;
				TARGETED_DEVICE_FAMILY = "1,2,7";
				TEST_HOST = "$(BUILT_PRODUCTS_DIR)/Loci.app/$(BUNDLE_EXECUTABLE_FOLDER_PATH)/Loci";
				XROS_DEPLOYMENT_TARGET = 1.0;
			};
			name = Release;
		};
/* End XCBuildConfiguration section */

/* Begin XCConfigurationList section */
		3DCF44932BE9C21A0056065B /* Build configuration list for PBXProject "Loci" */ = {
			isa = XCConfigurationList;
			buildConfigurations = (
				3DCF44B72BE9C21C0056065B /* Debug */,
				3DCF44B82BE9C21C0056065B /* Release */,
			);
			defaultConfigurationIsVisible = 0;
			defaultConfigurationName = Release;
		};
		3DCF44B92BE9C21C0056065B /* Build configuration list for PBXNativeTarget "Loci" */ = {
			isa = XCConfigurationList;
			buildConfigurations = (
				3DCF44BA2BE9C21C0056065B /* Debug */,
				3DCF44BB2BE9C21C0056065B /* Release */,
			);
			defaultConfigurationIsVisible = 0;
			defaultConfigurationName = Release;
		};
		3DCF44BC2BE9C21C0056065B /* Build configuration list for PBXNativeTarget "LociTests" */ = {
			isa = XCConfigurationList;
			buildConfigurations = (
				3DCF44BD2BE9C21C0056065B /* Debug */,
				3DCF44BE2BE9C21C0056065B /* Release */,
			);
			defaultConfigurationIsVisible = 0;
			defaultConfigurationName = Release;
		};
/* End XCConfigurationList section */

/* Begin XCSwiftPackageProductDependency section */
		3DCF449D2BE9C21A0056065B /* RealityKitContent */ = {
			isa = XCSwiftPackageProductDependency;
			productName = RealityKitContent;
		};
/* End XCSwiftPackageProductDependency section */
	};
	rootObject = 3DCF44902BE9C21A0056065B /* Project object */;
}
